
Microsoft Visual Studio Solution File, Format Version 12.00
# Visual Studio 15
VisualStudioVersion = 15.0.28307.136
MinimumVisualStudioVersion = 10.0.40219.1
Project("{888888A0-9F3D-457C-B088-3A5042F75D52}") = "semana01", "semana01\semana01.pyproj", "{94454CE7-55AD-436A-82EB-5650385793DC}"
EndProject
Global
	GlobalSection(SolutionConfigurationPlatforms) = preSolution
		Debug|Any CPU = Debug|Any CPU
		Release|Any CPU = Release|Any CPU
	EndGlobalSection
	GlobalSection(ProjectConfigurationPlatforms) = postSolution
		{94454CE7-55AD-436A-82EB-5650385793DC}.Debug|Any CPU.ActiveCfg = Debug|Any CPU
		{94454CE7-55AD-436A-82EB-5650385793DC}.Release|Any CPU.ActiveCfg = Release|Any CPU
	EndGlobalSection
	GlobalSection(SolutionProperties) = preSolution
		HideSolutionNode = FALSE
	EndGlobalSection
	GlobalSection(ExtensibilityGlobals) = postSolution
		SolutionGuid = {95A7E3CA-05B8-4948-ADE7-461643A9BC3D}
	EndGlobalSection
EndGlobal
